
Microsoft Visual Studio Solution File, Format Version 12.00
# Visual Studio Version 16
VisualStudioVersion = 16.0.30114.105
MinimumVisualStudioVersion = 10.0.40219.1
Project("{FAE04EC0-301F-11D3-BF4B-00C04F79EFBC}") = "Craftorio", "Craftorio\Craftorio.csproj", "{04C5113A-C5BC-4D92-93B9-CD5C341CFCD9}"
EndProject
Project("{FAE04EC0-301F-11D3-BF4B-00C04F79EFBC}") = "Tests", "Tests\Tests.csproj", "{01F3C0C9-6D60-4E0B-A9CB-031E0E5A5A5C}"
EndProject
Global
	GlobalSection(SolutionConfigurationPlatforms) = preSolution
		Debug|Any CPU = Debug|Any CPU
		Release|Any CPU = Release|Any CPU
	EndGlobalSection
	GlobalSection(SolutionProperties) = preSolution
		HideSolutionNode = FALSE
	EndGlobalSection
	GlobalSection(ProjectConfigurationPlatforms) = postSolution
		{04C5113A-C5BC-4D92-93B9-CD5C341CFCD9}.Debug|Any CPU.ActiveCfg = Debug|Any CPU
		{04C5113A-C5BC-4D92-93B9-CD5C341CFCD9}.Debug|Any CPU.Build.0 = Debug|Any CPU
		{04C5113A-C5BC-4D92-93B9-CD5C341CFCD9}.Release|Any CPU.ActiveCfg = Release|Any CPU
		{04C5113A-C5BC-4D92-93B9-CD5C341CFCD9}.Release|Any CPU.Build.0 = Release|Any CPU
		{01F3C0C9-6D60-4E0B-A9CB-031E0E5A5A5C}.Debug|Any CPU.ActiveCfg = Debug|Any CPU
		{01F3C0C9-6D60-4E0B-A9CB-031E0E5A5A5C}.Debug|Any CPU.Build.0 = Debug|Any CPU
		{01F3C0C9-6D60-4E0B-A9CB-031E0E5A5A5C}.Release|Any CPU.ActiveCfg = Release|Any CPU
		{01F3C0C9-6D60-4E0B-A9CB-031E0E5A5A5C}.Release|Any CPU.Build.0 = Release|Any CPU
	EndGlobalSection
EndGlobal
